
Microsoft Visual Studio Solution File, Format Version 12.00
# Visual Studio Version 17
VisualStudioVersion = 17.1.32228.430
MinimumVisualStudioVersion = 10.0.40219.1
Project("{FAE04EC0-301F-11D3-BF4B-00C04F79EFBC}") = "TPConstruccion", "TPConstruccion.csproj", "{DD8FEE90-E5B7-43F8-97E6-75F480E32017}"
EndProject
Global
	GlobalSection(SolutionConfigurationPlatforms) = preSolution
		Debug|Any CPU = Debug|Any CPU
		Release|Any CPU = Release|Any CPU
	EndGlobalSection
	GlobalSection(ProjectConfigurationPlatforms) = postSolution
		{DD8FEE90-E5B7-43F8-97E6-75F480E32017}.Debug|Any CPU.ActiveCfg = Debug|Any CPU
		{DD8FEE90-E5B7-43F8-97E6-75F480E32017}.Debug|Any CPU.Build.0 = Debug|Any CPU
		{DD8FEE90-E5B7-43F8-97E6-75F480E32017}.Release|Any CPU.ActiveCfg = Release|Any CPU
		{DD8FEE90-E5B7-43F8-97E6-75F480E32017}.Release|Any CPU.Build.0 = Release|Any CPU
	EndGlobalSection
	GlobalSection(SolutionProperties) = preSolution
		HideSolutionNode = FALSE
	EndGlobalSection
	GlobalSection(ExtensibilityGlobals) = postSolution
		SolutionGuid = {E5563AC7-077D-45CA-8907-E814397CCA9D}
	EndGlobalSection
EndGlobal
